// !$*UTF8*$!
{
	archiveVersion = 1;
	classes = {
	};
	objectVersion = 51;
	objects = {

/* Begin PBXBuildFile section */
		383BD82A2373CBBA002A2715 /* LoginVC.swift in Sources */ = {isa = PBXBuildFile; fileRef = 383BD8292373CBBA002A2715 /* LoginVC.swift */; };
		5056FE5923A5FA4E0000EA2E /* WelcomePage.swift in Sources */ = {isa = PBXBuildFile; fileRef = 5056FE5823A5FA4E0000EA2E /* WelcomePage.swift */; };
		5056FE5C23A605F00000EA2E /* WelcomeVC +CollectionView.swift in Sources */ = {isa = PBXBuildFile; fileRef = 5056FE5B23A605F00000EA2E /* WelcomeVC +CollectionView.swift */; };
		5056FE5E23A6318C0000EA2E /* GetStartedPageCell.swift in Sources */ = {isa = PBXBuildFile; fileRef = 5056FE5D23A6318B0000EA2E /* GetStartedPageCell.swift */; };
		506B0EEC23B3B55200FE5982 /* SetupProfileVC.swift in Sources */ = {isa = PBXBuildFile; fileRef = 506B0EEB23B3B55200FE5982 /* SetupProfileVC.swift */; };
		5070151A239CE8C3006C7023 /* HomeVC.swift in Sources */ = {isa = PBXBuildFile; fileRef = 50701519239CE8C3006C7023 /* HomeVC.swift */; };
		507BE0DA23A366FE009B7B72 /* TabC.swift in Sources */ = {isa = PBXBuildFile; fileRef = 507BE0D923A366FE009B7B72 /* TabC.swift */; };
		507BE0DE23A36FD9009B7B72 /* EventCell.swift in Sources */ = {isa = PBXBuildFile; fileRef = 507BE0DD23A36FD9009B7B72 /* EventCell.swift */; };
		507BE0E223A57D57009B7B72 /* Dump.swift in Sources */ = {isa = PBXBuildFile; fileRef = 507BE0E123A57D56009B7B72 /* Dump.swift */; };
		507BE0E623A5890F009B7B72 /* WelcomeVC.swift in Sources */ = {isa = PBXBuildFile; fileRef = 507BE0E523A5890F009B7B72 /* WelcomeVC.swift */; };
		507BE0E823A58C45009B7B72 /* WelcomePageCell.swift in Sources */ = {isa = PBXBuildFile; fileRef = 507BE0E723A58C45009B7B72 /* WelcomePageCell.swift */; };
		5090566723AFEDEA000792C2 /* RegistrationChecker.swift in Sources */ = {isa = PBXBuildFile; fileRef = 5090566623AFEDEA000792C2 /* RegistrationChecker.swift */; };
		5090566923B02050000792C2 /* RegistrationVC.swift in Sources */ = {isa = PBXBuildFile; fileRef = 5090566823B02050000792C2 /* RegistrationVC.swift */; };
		50AD3A3B23AA44A1005C4D3E /* GoogleService-Info.plist in Resources */ = {isa = PBXBuildFile; fileRef = 50AD3A3A23AA44A1005C4D3E /* GoogleService-Info.plist */; };
		50C0204B237DEBAB004CE4FA /* Event.swift in Sources */ = {isa = PBXBuildFile; fileRef = 50C0204A237DEBAB004CE4FA /* Event.swift */; };
		50C0204D237DEBB5004CE4FA /* User.swift in Sources */ = {isa = PBXBuildFile; fileRef = 50C0204C237DEBB5004CE4FA /* User.swift */; };
		50F0D2CA2373C1F5002985DA /* AppDelegate.swift in Sources */ = {isa = PBXBuildFile; fileRef = 50F0D2C92373C1F5002985DA /* AppDelegate.swift */; };
		50F0D2CC2373C1F5002985DA /* SceneDelegate.swift in Sources */ = {isa = PBXBuildFile; fileRef = 50F0D2CB2373C1F5002985DA /* SceneDelegate.swift */; };
		50F0D2D32373C1F8002985DA /* Assets.xcassets in Resources */ = {isa = PBXBuildFile; fileRef = 50F0D2D22373C1F8002985DA /* Assets.xcassets */; };
		50F0D2D62373C1F8002985DA /* LaunchScreen.storyboard in Resources */ = {isa = PBXBuildFile; fileRef = 50F0D2D42373C1F8002985DA /* LaunchScreen.storyboard */; };
		50F0D2E02373DAC8002985DA /* Constants.swift in Sources */ = {isa = PBXBuildFile; fileRef = 50F0D2DF2373DAC8002985DA /* Constants.swift */; };
		50F0D2E22373DEF6002985DA /* Extensions.swift in Sources */ = {isa = PBXBuildFile; fileRef = 50F0D2E12373DEF6002985DA /* Extensions.swift */; };
		50F0DDFF23AEB4A4008E1B71 /* AuthService.swift in Sources */ = {isa = PBXBuildFile; fileRef = 50F0DDFE23AEB4A4008E1B71 /* AuthService.swift */; };
		50F0DE0123AEB5A0008E1B71 /* FirestoreService.swift in Sources */ = {isa = PBXBuildFile; fileRef = 50F0DE0023AEB5A0008E1B71 /* FirestoreService.swift */; };
		50F0DE0523AF72C4008E1B71 /* CustomTextField.swift in Sources */ = {isa = PBXBuildFile; fileRef = 50F0DE0423AF72C3008E1B71 /* CustomTextField.swift */; };
		50F6722D23B1431A00E5ACF6 /* MyInterestsCollectionView.swift in Sources */ = {isa = PBXBuildFile; fileRef = 50F6722C23B1431A00E5ACF6 /* MyInterestsCollectionView.swift */; };
		50F6723123B14C4700E5ACF6 /* ProfileVC +CollectionView.swift in Sources */ = {isa = PBXBuildFile; fileRef = 50F6723023B14C4600E5ACF6 /* ProfileVC +CollectionView.swift */; };
		50F6723523B151D300E5ACF6 /* ProfileVC.swift in Sources */ = {isa = PBXBuildFile; fileRef = 50F6723423B151D300E5ACF6 /* ProfileVC.swift */; };
		50F6723723B153A600E5ACF6 /* MyInterestsCell.swift in Sources */ = {isa = PBXBuildFile; fileRef = 50F6723623B153A600E5ACF6 /* MyInterestsCell.swift */; };
		50F6723E23B243C300E5ACF6 /* AKTextUtilities.swift in Sources */ = {isa = PBXBuildFile; fileRef = 50F6723C23B243C200E5ACF6 /* AKTextUtilities.swift */; };
		50F6723F23B243C300E5ACF6 /* AKTextView.swift in Sources */ = {isa = PBXBuildFile; fileRef = 50F6723D23B243C300E5ACF6 /* AKTextView.swift */; };
		50F6724523B268B800E5ACF6 /* EventCellView.swift in Sources */ = {isa = PBXBuildFile; fileRef = 50F6724423B268B800E5ACF6 /* EventCellView.swift */; };
		84D27644C3FECDF8C79D1D1A /* Pods_Eventz.framework in Frameworks */ = {isa = PBXBuildFile; fileRef = DCBB19C32EDACE928E042314 /* Pods_Eventz.framework */; };
/* End PBXBuildFile section */

/* Begin PBXFileReference section */
		383BD8292373CBBA002A2715 /* LoginVC.swift */ = {isa = PBXFileReference; lastKnownFileType = sourcecode.swift; path = LoginVC.swift; sourceTree = "<group>"; };
		44041ECFF40892D6542CF86B /* Pods-Eventz.debug.xcconfig */ = {isa = PBXFileReference; includeInIndex = 1; lastKnownFileType = text.xcconfig; name = "Pods-Eventz.debug.xcconfig"; path = "Target Support Files/Pods-Eventz/Pods-Eventz.debug.xcconfig"; sourceTree = "<group>"; };
		5056FE5823A5FA4E0000EA2E /* WelcomePage.swift */ = {isa = PBXFileReference; lastKnownFileType = sourcecode.swift; path = WelcomePage.swift; sourceTree = "<group>"; };
		5056FE5B23A605F00000EA2E /* WelcomeVC +CollectionView.swift */ = {isa = PBXFileReference; lastKnownFileType = sourcecode.swift; path = "WelcomeVC +CollectionView.swift"; sourceTree = "<group>"; };
		5056FE5D23A6318B0000EA2E /* GetStartedPageCell.swift */ = {isa = PBXFileReference; lastKnownFileType = sourcecode.swift; name = GetStartedPageCell.swift; path = Eventz/View/Cells/GetStartedPageCell.swift; sourceTree = SOURCE_ROOT; };
		506B0EEB23B3B55200FE5982 /* SetupProfileVC.swift */ = {isa = PBXFileReference; lastKnownFileType = sourcecode.swift; path = SetupProfileVC.swift; sourceTree = "<group>"; };
		50701519239CE8C3006C7023 /* HomeVC.swift */ = {isa = PBXFileReference; lastKnownFileType = sourcecode.swift; path = HomeVC.swift; sourceTree = "<group>"; };
		507BE0D923A366FE009B7B72 /* TabC.swift */ = {isa = PBXFileReference; lastKnownFileType = sourcecode.swift; path = TabC.swift; sourceTree = "<group>"; };
		507BE0DD23A36FD9009B7B72 /* EventCell.swift */ = {isa = PBXFileReference; lastKnownFileType = sourcecode.swift; path = EventCell.swift; sourceTree = "<group>"; };
		507BE0E123A57D56009B7B72 /* Dump.swift */ = {isa = PBXFileReference; lastKnownFileType = sourcecode.swift; name = Dump.swift; path = Controller/Dump.swift; sourceTree = "<group>"; };
		507BE0E523A5890F009B7B72 /* WelcomeVC.swift */ = {isa = PBXFileReference; lastKnownFileType = sourcecode.swift; path = WelcomeVC.swift; sourceTree = "<group>"; };
		507BE0E723A58C45009B7B72 /* WelcomePageCell.swift */ = {isa = PBXFileReference; lastKnownFileType = sourcecode.swift; path = WelcomePageCell.swift; sourceTree = "<group>"; };
		5090566623AFEDEA000792C2 /* RegistrationChecker.swift */ = {isa = PBXFileReference; lastKnownFileType = sourcecode.swift; path = RegistrationChecker.swift; sourceTree = "<group>"; };
		5090566823B02050000792C2 /* RegistrationVC.swift */ = {isa = PBXFileReference; lastKnownFileType = sourcecode.swift; path = RegistrationVC.swift; sourceTree = "<group>"; };
		50AD3A3A23AA44A1005C4D3E /* GoogleService-Info.plist */ = {isa = PBXFileReference; fileEncoding = 4; lastKnownFileType = text.plist.xml; path = "GoogleService-Info.plist"; sourceTree = "<group>"; };
		50C0204A237DEBAB004CE4FA /* Event.swift */ = {isa = PBXFileReference; lastKnownFileType = sourcecode.swift; path = Event.swift; sourceTree = "<group>"; };
		50C0204C237DEBB5004CE4FA /* User.swift */ = {isa = PBXFileReference; lastKnownFileType = sourcecode.swift; path = User.swift; sourceTree = "<group>"; };
		50F0D2C62373C1F5002985DA /* Eventz.app */ = {isa = PBXFileReference; explicitFileType = wrapper.application; includeInIndex = 0; path = Eventz.app; sourceTree = BUILT_PRODUCTS_DIR; };
		50F0D2C92373C1F5002985DA /* AppDelegate.swift */ = {isa = PBXFileReference; lastKnownFileType = sourcecode.swift; path = AppDelegate.swift; sourceTree = "<group>"; };
		50F0D2CB2373C1F5002985DA /* SceneDelegate.swift */ = {isa = PBXFileReference; lastKnownFileType = sourcecode.swift; path = SceneDelegate.swift; sourceTree = "<group>"; };
		50F0D2D22373C1F8002985DA /* Assets.xcassets */ = {isa = PBXFileReference; lastKnownFileType = folder.assetcatalog; path = Assets.xcassets; sourceTree = "<group>"; };
		50F0D2D52373C1F8002985DA /* Base */ = {isa = PBXFileReference; lastKnownFileType = file.storyboard; name = Base; path = Base.lproj/LaunchScreen.storyboard; sourceTree = "<group>"; };
		50F0D2D72373C1F8002985DA /* Info.plist */ = {isa = PBXFileReference; lastKnownFileType = text.plist.xml; path = Info.plist; sourceTree = "<group>"; };
		50F0D2DF2373DAC8002985DA /* Constants.swift */ = {isa = PBXFileReference; lastKnownFileType = sourcecode.swift; path = Constants.swift; sourceTree = "<group>"; };
		50F0D2E12373DEF6002985DA /* Extensions.swift */ = {isa = PBXFileReference; lastKnownFileType = sourcecode.swift; path = Extensions.swift; sourceTree = "<group>"; };
		50F0DDFE23AEB4A4008E1B71 /* AuthService.swift */ = {isa = PBXFileReference; lastKnownFileType = sourcecode.swift; path = AuthService.swift; sourceTree = "<group>"; };
		50F0DE0023AEB5A0008E1B71 /* FirestoreService.swift */ = {isa = PBXFileReference; lastKnownFileType = sourcecode.swift; path = FirestoreService.swift; sourceTree = "<group>"; };
		50F0DE0423AF72C3008E1B71 /* CustomTextField.swift */ = {isa = PBXFileReference; lastKnownFileType = sourcecode.swift; path = CustomTextField.swift; sourceTree = "<group>"; };
		50F6722C23B1431A00E5ACF6 /* MyInterestsCollectionView.swift */ = {isa = PBXFileReference; lastKnownFileType = sourcecode.swift; path = MyInterestsCollectionView.swift; sourceTree = "<group>"; };
		50F6723023B14C4600E5ACF6 /* ProfileVC +CollectionView.swift */ = {isa = PBXFileReference; lastKnownFileType = sourcecode.swift; path = "ProfileVC +CollectionView.swift"; sourceTree = "<group>"; };
		50F6723423B151D300E5ACF6 /* ProfileVC.swift */ = {isa = PBXFileReference; lastKnownFileType = sourcecode.swift; path = ProfileVC.swift; sourceTree = "<group>"; };
		50F6723623B153A600E5ACF6 /* MyInterestsCell.swift */ = {isa = PBXFileReference; lastKnownFileType = sourcecode.swift; path = MyInterestsCell.swift; sourceTree = "<group>"; };
		50F6723C23B243C200E5ACF6 /* AKTextUtilities.swift */ = {isa = PBXFileReference; fileEncoding = 4; lastKnownFileType = sourcecode.swift; path = AKTextUtilities.swift; sourceTree = "<group>"; };
		50F6723D23B243C300E5ACF6 /* AKTextView.swift */ = {isa = PBXFileReference; fileEncoding = 4; lastKnownFileType = sourcecode.swift; path = AKTextView.swift; sourceTree = "<group>"; };
		50F6724423B268B800E5ACF6 /* EventCellView.swift */ = {isa = PBXFileReference; lastKnownFileType = sourcecode.swift; path = EventCellView.swift; sourceTree = "<group>"; };
		6830968D7F4535428791AD7E /* Pods-Eventz.release.xcconfig */ = {isa = PBXFileReference; includeInIndex = 1; lastKnownFileType = text.xcconfig; name = "Pods-Eventz.release.xcconfig"; path = "Target Support Files/Pods-Eventz/Pods-Eventz.release.xcconfig"; sourceTree = "<group>"; };
		DCBB19C32EDACE928E042314 /* Pods_Eventz.framework */ = {isa = PBXFileReference; explicitFileType = wrapper.framework; includeInIndex = 0; path = Pods_Eventz.framework; sourceTree = BUILT_PRODUCTS_DIR; };
/* End PBXFileReference section */

/* Begin PBXFrameworksBuildPhase section */
		50F0D2C32373C1F5002985DA /* Frameworks */ = {
			isa = PBXFrameworksBuildPhase;
			buildActionMask = 2147483647;
			files = (
				84D27644C3FECDF8C79D1D1A /* Pods_Eventz.framework in Frameworks */,
			);
			runOnlyForDeploymentPostprocessing = 0;
		};
/* End PBXFrameworksBuildPhase section */

/* Begin PBXGroup section */
		5056FE5A23A605C00000EA2E /* Welcome */ = {
			isa = PBXGroup;
			children = (
				507BE0E523A5890F009B7B72 /* WelcomeVC.swift */,
				5056FE5B23A605F00000EA2E /* WelcomeVC +CollectionView.swift */,
			);
			path = Welcome;
			sourceTree = "<group>";
		};
		50C02046237DE7BE004CE4FA /* Model */ = {
			isa = PBXGroup;
			children = (
				50C0204A237DEBAB004CE4FA /* Event.swift */,
				50C0204C237DEBB5004CE4FA /* User.swift */,
				5056FE5823A5FA4E0000EA2E /* WelcomePage.swift */,
				5090566623AFEDEA000792C2 /* RegistrationChecker.swift */,
			);
			path = Model;
			sourceTree = "<group>";
		};
		50C02047237DE7C9004CE4FA /* View */ = {
			isa = PBXGroup;
			children = (
				50F0DE0423AF72C3008E1B71 /* CustomTextField.swift */,
				50F6722C23B1431A00E5ACF6 /* MyInterestsCollectionView.swift */,
				50F6723323B14EBA00E5ACF6 /* Cells */,
			);
			path = View;
			sourceTree = "<group>";
		};
		50C02048237DE7E1004CE4FA /* Controller */ = {
			isa = PBXGroup;
			children = (
				507BE0D923A366FE009B7B72 /* TabC.swift */,
				50701519239CE8C3006C7023 /* HomeVC.swift */,
				383BD8292373CBBA002A2715 /* LoginVC.swift */,
				5090566823B02050000792C2 /* RegistrationVC.swift */,
				50F6723223B14D9300E5ACF6 /* Profile */,
				5056FE5A23A605C00000EA2E /* Welcome */,
			);
			path = Controller;
			sourceTree = "<group>";
		};
		50C02049237DE7E6004CE4FA /* Services */ = {
			isa = PBXGroup;
			children = (
				50F0DDFE23AEB4A4008E1B71 /* AuthService.swift */,
				50F0DE0023AEB5A0008E1B71 /* FirestoreService.swift */,
			);
			path = Services;
			sourceTree = "<group>";
		};
		50F0D2BD2373C1F5002985DA = {
			isa = PBXGroup;
			children = (
				50F0D2C82373C1F5002985DA /* Eventz */,
				50F0D2C72373C1F5002985DA /* Products */,
				73BD364F7F2438621B0EF460 /* Pods */,
				D6CD3B5B68B9242E837033BE /* Frameworks */,
			);
			sourceTree = "<group>";
		};
		50F0D2C72373C1F5002985DA /* Products */ = {
			isa = PBXGroup;
			children = (
				50F0D2C62373C1F5002985DA /* Eventz.app */,
			);
			name = Products;
			sourceTree = "<group>";
		};
		50F0D2C82373C1F5002985DA /* Eventz */ = {
			isa = PBXGroup;
			children = (
				507BE0E123A57D56009B7B72 /* Dump.swift */,
				50F0D2C92373C1F5002985DA /* AppDelegate.swift */,
				50F0D2CB2373C1F5002985DA /* SceneDelegate.swift */,
				50C02046237DE7BE004CE4FA /* Model */,
				50C02047237DE7C9004CE4FA /* View */,
				50C02048237DE7E1004CE4FA /* Controller */,
				50C02049237DE7E6004CE4FA /* Services */,
				50F0D2DF2373DAC8002985DA /* Constants.swift */,
				50F0D2E12373DEF6002985DA /* Extensions.swift */,
				50F6723C23B243C200E5ACF6 /* AKTextUtilities.swift */,
				50F6723D23B243C300E5ACF6 /* AKTextView.swift */,
				50F0D2D22373C1F8002985DA /* Assets.xcassets */,
				50AD3A3A23AA44A1005C4D3E /* GoogleService-Info.plist */,
				50F0D2D72373C1F8002985DA /* Info.plist */,
				50F0D2D42373C1F8002985DA /* LaunchScreen.storyboard */,
			);
			path = Eventz;
			sourceTree = "<group>";
		};
		50F6723223B14D9300E5ACF6 /* Profile */ = {
			isa = PBXGroup;
			children = (
				50F6723423B151D300E5ACF6 /* ProfileVC.swift */,
				50F6723023B14C4600E5ACF6 /* ProfileVC +CollectionView.swift */,
				506B0EEB23B3B55200FE5982 /* SetupProfileVC.swift */,
			);
			path = Profile;
			sourceTree = "<group>";
		};
		50F6723323B14EBA00E5ACF6 /* Cells */ = {
			isa = PBXGroup;
			children = (
				507BE0DD23A36FD9009B7B72 /* EventCell.swift */,
				507BE0E723A58C45009B7B72 /* WelcomePageCell.swift */,
				5056FE5D23A6318B0000EA2E /* GetStartedPageCell.swift */,
				50F6723623B153A600E5ACF6 /* MyInterestsCell.swift */,
				50F6724423B268B800E5ACF6 /* EventCellView.swift */,
			);
			path = Cells;
			sourceTree = "<group>";
		};
		73BD364F7F2438621B0EF460 /* Pods */ = {
			isa = PBXGroup;
			children = (
				44041ECFF40892D6542CF86B /* Pods-Eventz.debug.xcconfig */,
				6830968D7F4535428791AD7E /* Pods-Eventz.release.xcconfig */,
			);
			path = Pods;
			sourceTree = "<group>";
		};
		D6CD3B5B68B9242E837033BE /* Frameworks */ = {
			isa = PBXGroup;
			children = (
				DCBB19C32EDACE928E042314 /* Pods_Eventz.framework */,
			);
			name = Frameworks;
			sourceTree = "<group>";
		};
/* End PBXGroup section */

/* Begin PBXNativeTarget section */
		50F0D2C52373C1F5002985DA /* Eventz */ = {
			isa = PBXNativeTarget;
			buildConfigurationList = 50F0D2DA2373C1F8002985DA /* Build configuration list for PBXNativeTarget "Eventz" */;
			buildPhases = (
				EDB82EDD2D9B30A936BCD655 /* [CP] Check Pods Manifest.lock */,
				50F0D2C22373C1F5002985DA /* Sources */,
				50F0D2C32373C1F5002985DA /* Frameworks */,
				50F0D2C42373C1F5002985DA /* Resources */,
				1701766C73AC8F8A2384B62F /* [CP] Embed Pods Frameworks */,
				50C6327D23D73AC600B9F4B7 /* Run Script: SwiftLint */,
			);
			buildRules = (
			);
			dependencies = (
			);
			name = Eventz;
			productName = Eventz;
			productReference = 50F0D2C62373C1F5002985DA /* Eventz.app */;
			productType = "com.apple.product-type.application";
		};
/* End PBXNativeTarget section */

/* Begin PBXProject section */
		50F0D2BE2373C1F5002985DA /* Project object */ = {
			isa = PBXProject;
			attributes = {
				LastSwiftUpdateCheck = 1120;
				LastUpgradeCheck = 1120;
				ORGANIZATIONNAME = "Maximilian Nabokow";
				TargetAttributes = {
					50F0D2C52373C1F5002985DA = {
						CreatedOnToolsVersion = 11.2;
					};
				};
			};
			buildConfigurationList = 50F0D2C12373C1F5002985DA /* Build configuration list for PBXProject "Eventz" */;
			compatibilityVersion = "Xcode 9.3";
			developmentRegion = en;
			hasScannedForEncodings = 0;
			knownRegions = (
				en,
				Base,
			);
			mainGroup = 50F0D2BD2373C1F5002985DA;
			productRefGroup = 50F0D2C72373C1F5002985DA /* Products */;
			projectDirPath = "";
			projectRoot = "";
			targets = (
				50F0D2C52373C1F5002985DA /* Eventz */,
			);
		};
/* End PBXProject section */

/* Begin PBXResourcesBuildPhase section */
		50F0D2C42373C1F5002985DA /* Resources */ = {
			isa = PBXResourcesBuildPhase;
			buildActionMask = 2147483647;
			files = (
				50F0D2D62373C1F8002985DA /* LaunchScreen.storyboard in Resources */,
				50AD3A3B23AA44A1005C4D3E /* GoogleService-Info.plist in Resources */,
				50F0D2D32373C1F8002985DA /* Assets.xcassets in Resources */,
			);
			runOnlyForDeploymentPostprocessing = 0;
		};
/* End PBXResourcesBuildPhase section */

/* Begin PBXShellScriptBuildPhase section */
		1701766C73AC8F8A2384B62F /* [CP] Embed Pods Frameworks */ = {
			isa = PBXShellScriptBuildPhase;
			buildActionMask = 2147483647;
			files = (
			);
			inputFileListPaths = (
				"${PODS_ROOT}/Target Support Files/Pods-Eventz/Pods-Eventz-frameworks-${CONFIGURATION}-input-files.xcfilelist",
			);
			name = "[CP] Embed Pods Frameworks";
			outputFileListPaths = (
				"${PODS_ROOT}/Target Support Files/Pods-Eventz/Pods-Eventz-frameworks-${CONFIGURATION}-output-files.xcfilelist",
			);
			runOnlyForDeploymentPostprocessing = 0;
			shellPath = /bin/sh;
			shellScript = "\"${PODS_ROOT}/Target Support Files/Pods-Eventz/Pods-Eventz-frameworks.sh\"\n";
			showEnvVarsInLog = 0;
		};
		50C6327D23D73AC600B9F4B7 /* Run Script: SwiftLint */ = {
			isa = PBXShellScriptBuildPhase;
			buildActionMask = 2147483647;
			files = (
			);
			inputFileListPaths = (
			);
			inputPaths = (
			);
			name = "Run Script: SwiftLint";
			outputFileListPaths = (
			);
			outputPaths = (
			);
			runOnlyForDeploymentPostprocessing = 0;
			shellPath = /bin/sh;
			shellScript = "if which swiftlint >/dev/null; then\n    swiftlint autocorrect\n    swiftlint\nelse\n    echo \"warning: Swiftlint is not installed. Please install from https://github.com/realm/SwiftLint using HomeBrew\"\nfi\n";
		};
		EDB82EDD2D9B30A936BCD655 /* [CP] Check Pods Manifest.lock */ = {
			isa = PBXShellScriptBuildPhase;
			buildActionMask = 2147483647;
			files = (
			);
			inputFileListPaths = (
			);
			inputPaths = (
				"${PODS_PODFILE_DIR_PATH}/Podfile.lock",
				"${PODS_ROOT}/Manifest.lock",
			);
			name = "[CP] Check Pods Manifest.lock";
			outputFileListPaths = (
			);
			outputPaths = (
				"$(DERIVED_FILE_DIR)/Pods-Eventz-checkManifestLockResult.txt",
			);
			runOnlyForDeploymentPostprocessing = 0;
			shellPath = /bin/sh;
			shellScript = "diff \"${PODS_PODFILE_DIR_PATH}/Podfile.lock\" \"${PODS_ROOT}/Manifest.lock\" > /dev/null\nif [ $? != 0 ] ; then\n    # print error to STDERR\n    echo \"error: The sandbox is not in sync with the Podfile.lock. Run 'pod install' or update your CocoaPods installation.\" >&2\n    exit 1\nfi\n# This output is used by Xcode 'outputs' to avoid re-running this script phase.\necho \"SUCCESS\" > \"${SCRIPT_OUTPUT_FILE_0}\"\n";
			showEnvVarsInLog = 0;
		};
/* End PBXShellScriptBuildPhase section */

/* Begin PBXSourcesBuildPhase section */
		50F0D2C22373C1F5002985DA /* Sources */ = {
			isa = PBXSourcesBuildPhase;
			buildActionMask = 2147483647;
			files = (
				50F6722D23B1431A00E5ACF6 /* MyInterestsCollectionView.swift in Sources */,
				5090566723AFEDEA000792C2 /* RegistrationChecker.swift in Sources */,
				50F0DE0123AEB5A0008E1B71 /* FirestoreService.swift in Sources */,
				50F6723E23B243C300E5ACF6 /* AKTextUtilities.swift in Sources */,
				507BE0DA23A366FE009B7B72 /* TabC.swift in Sources */,
				383BD82A2373CBBA002A2715 /* LoginVC.swift in Sources */,
				50F6723123B14C4700E5ACF6 /* ProfileVC +CollectionView.swift in Sources */,
				506B0EEC23B3B55200FE5982 /* SetupProfileVC.swift in Sources */,
				5070151A239CE8C3006C7023 /* HomeVC.swift in Sources */,
				50F0D2CA2373C1F5002985DA /* AppDelegate.swift in Sources */,
				50F6723523B151D300E5ACF6 /* ProfileVC.swift in Sources */,
				50F6723723B153A600E5ACF6 /* MyInterestsCell.swift in Sources */,
				5056FE5923A5FA4E0000EA2E /* WelcomePage.swift in Sources */,
				50F0DDFF23AEB4A4008E1B71 /* AuthService.swift in Sources */,
				507BE0E823A58C45009B7B72 /* WelcomePageCell.swift in Sources */,
				5090566923B02050000792C2 /* RegistrationVC.swift in Sources */,
				50F6724523B268B800E5ACF6 /* EventCellView.swift in Sources */,
				507BE0E623A5890F009B7B72 /* WelcomeVC.swift in Sources */,
				5056FE5E23A6318C0000EA2E /* GetStartedPageCell.swift in Sources */,
				50F0DE0523AF72C4008E1B71 /* CustomTextField.swift in Sources */,
				50F0D2CC2373C1F5002985DA /* SceneDelegate.swift in Sources */,
				507BE0DE23A36FD9009B7B72 /* EventCell.swift in Sources */,
				50F0D2E02373DAC8002985DA /* Constants.swift in Sources */,
				50C0204B237DEBAB004CE4FA /* Event.swift in Sources */,
				50F0D2E22373DEF6002985DA /* Extensions.swift in Sources */,
				507BE0E223A57D57009B7B72 /* Dump.swift in Sources */,
				5056FE5C23A605F00000EA2E /* WelcomeVC +CollectionView.swift in Sources */,
				50C0204D237DEBB5004CE4FA /* User.swift in Sources */,
				50F6723F23B243C300E5ACF6 /* AKTextView.swift in Sources */,
			);
			runOnlyForDeploymentPostprocessing = 0;
		};
/* End PBXSourcesBuildPhase section */

/* Begin PBXVariantGroup section */
		50F0D2D42373C1F8002985DA /* LaunchScreen.storyboard */ = {
			isa = PBXVariantGroup;
			children = (
				50F0D2D52373C1F8002985DA /* Base */,
			);
			name = LaunchScreen.storyboard;
			sourceTree = "<group>";
		};
/* End PBXVariantGroup section */

/* Begin XCBuildConfiguration section */
		50F0D2D82373C1F8002985DA /* Debug */ = {
			isa = XCBuildConfiguration;
			buildSettings = {
				ALWAYS_SEARCH_USER_PATHS = NO;
				CLANG_ANALYZER_NONNULL = YES;
				CLANG_ANALYZER_NUMBER_OBJECT_CONVERSION = YES_AGGRESSIVE;
				CLANG_CXX_LANGUAGE_STANDARD = "gnu++14";
				CLANG_CXX_LIBRARY = "libc++";
				CLANG_ENABLE_MODULES = YES;
				CLANG_ENABLE_OBJC_ARC = YES;
				CLANG_ENABLE_OBJC_WEAK = YES;
				CLANG_WARN_BLOCK_CAPTURE_AUTORELEASING = YES;
				CLANG_WARN_BOOL_CONVERSION = YES;
				CLANG_WARN_COMMA = YES;
				CLANG_WARN_CONSTANT_CONVERSION = YES;
				CLANG_WARN_DEPRECATED_OBJC_IMPLEMENTATIONS = YES;
				CLANG_WARN_DIRECT_OBJC_ISA_USAGE = YES_ERROR;
				CLANG_WARN_DOCUMENTATION_COMMENTS = YES;
				CLANG_WARN_EMPTY_BODY = YES;
				CLANG_WARN_ENUM_CONVERSION = YES;
				CLANG_WARN_INFINITE_RECURSION = YES;
				CLANG_WARN_INT_CONVERSION = YES;
				CLANG_WARN_NON_LITERAL_NULL_CONVERSION = YES;
				CLANG_WARN_OBJC_IMPLICIT_RETAIN_SELF = YES;
				CLANG_WARN_OBJC_LITERAL_CONVERSION = YES;
				CLANG_WARN_OBJC_ROOT_CLASS = YES_ERROR;
				CLANG_WARN_RANGE_LOOP_ANALYSIS = YES;
				CLANG_WARN_STRICT_PROTOTYPES = YES;
				CLANG_WARN_SUSPICIOUS_MOVE = YES;
				CLANG_WARN_UNGUARDED_AVAILABILITY = YES_AGGRESSIVE;
				CLANG_WARN_UNREACHABLE_CODE = YES;
				CLANG_WARN__DUPLICATE_METHOD_MATCH = YES;
				COPY_PHASE_STRIP = NO;
				DEBUG_INFORMATION_FORMAT = dwarf;
				ENABLE_STRICT_OBJC_MSGSEND = YES;
				ENABLE_TESTABILITY = YES;
				GCC_C_LANGUAGE_STANDARD = gnu11;
				GCC_DYNAMIC_NO_PIC = NO;
				GCC_NO_COMMON_BLOCKS = YES;
				GCC_OPTIMIZATION_LEVEL = 0;
				GCC_PREPROCESSOR_DEFINITIONS = (
					"DEBUG=1",
					"$(inherited)",
				);
				GCC_WARN_64_TO_32_BIT_CONVERSION = YES;
				GCC_WARN_ABOUT_RETURN_TYPE = YES_ERROR;
				GCC_WARN_UNDECLARED_SELECTOR = YES;
				GCC_WARN_UNINITIALIZED_AUTOS = YES_AGGRESSIVE;
				GCC_WARN_UNUSED_FUNCTION = YES;
				GCC_WARN_UNUSED_VARIABLE = YES;
				IPHONEOS_DEPLOYMENT_TARGET = 13.2;
				MTL_ENABLE_DEBUG_INFO = INCLUDE_SOURCE;
				MTL_FAST_MATH = YES;
				ONLY_ACTIVE_ARCH = YES;
				SDKROOT = iphoneos;
				SWIFT_ACTIVE_COMPILATION_CONDITIONS = DEBUG;
				SWIFT_OPTIMIZATION_LEVEL = "-Onone";
			};
			name = Debug;
		};
		50F0D2D92373C1F8002985DA /* Release */ = {
			isa = XCBuildConfiguration;
			buildSettings = {
				ALWAYS_SEARCH_USER_PATHS = NO;
				CLANG_ANALYZER_NONNULL = YES;
				CLANG_ANALYZER_NUMBER_OBJECT_CONVERSION = YES_AGGRESSIVE;
				CLANG_CXX_LANGUAGE_STANDARD = "gnu++14";
				CLANG_CXX_LIBRARY = "libc++";
				CLANG_ENABLE_MODULES = YES;
				CLANG_ENABLE_OBJC_ARC = YES;
				CLANG_ENABLE_OBJC_WEAK = YES;
				CLANG_WARN_BLOCK_CAPTURE_AUTORELEASING = YES;
				CLANG_WARN_BOOL_CONVERSION = YES;
				CLANG_WARN_COMMA = YES;
				CLANG_WARN_CONSTANT_CONVERSION = YES;
				CLANG_WARN_DEPRECATED_OBJC_IMPLEMENTATIONS = YES;
				CLANG_WARN_DIRECT_OBJC_ISA_USAGE = YES_ERROR;
				CLANG_WARN_DOCUMENTATION_COMMENTS = YES;
				CLANG_WARN_EMPTY_BODY = YES;
				CLANG_WARN_ENUM_CONVERSION = YES;
				CLANG_WARN_INFINITE_RECURSION = YES;
				CLANG_WARN_INT_CONVERSION = YES;
				CLANG_WARN_NON_LITERAL_NULL_CONVERSION = YES;
				CLANG_WARN_OBJC_IMPLICIT_RETAIN_SELF = YES;
				CLANG_WARN_OBJC_LITERAL_CONVERSION = YES;
				CLANG_WARN_OBJC_ROOT_CLASS = YES_ERROR;
				CLANG_WARN_RANGE_LOOP_ANALYSIS = YES;
				CLANG_WARN_STRICT_PROTOTYPES = YES;
				CLANG_WARN_SUSPICIOUS_MOVE = YES;
				CLANG_WARN_UNGUARDED_AVAILABILITY = YES_AGGRESSIVE;
				CLANG_WARN_UNREACHABLE_CODE = YES;
				CLANG_WARN__DUPLICATE_METHOD_MATCH = YES;
				COPY_PHASE_STRIP = NO;
				DEBUG_INFORMATION_FORMAT = "dwarf-with-dsym";
				ENABLE_NS_ASSERTIONS = NO;
				ENABLE_STRICT_OBJC_MSGSEND = YES;
				GCC_C_LANGUAGE_STANDARD = gnu11;
				GCC_NO_COMMON_BLOCKS = YES;
				GCC_WARN_64_TO_32_BIT_CONVERSION = YES;
				GCC_WARN_ABOUT_RETURN_TYPE = YES_ERROR;
				GCC_WARN_UNDECLARED_SELECTOR = YES;
				GCC_WARN_UNINITIALIZED_AUTOS = YES_AGGRESSIVE;
				GCC_WARN_UNUSED_FUNCTION = YES;
				GCC_WARN_UNUSED_VARIABLE = YES;
				IPHONEOS_DEPLOYMENT_TARGET = 13.2;
				MTL_ENABLE_DEBUG_INFO = NO;
				MTL_FAST_MATH = YES;
				SDKROOT = iphoneos;
				SWIFT_COMPILATION_MODE = wholemodule;
				SWIFT_OPTIMIZATION_LEVEL = "-O";
				VALIDATE_PRODUCT = YES;
			};
			name = Release;
		};
		50F0D2DB2373C1F8002985DA /* Debug */ = {
			isa = XCBuildConfiguration;
			baseConfigurationReference = 44041ECFF40892D6542CF86B /* Pods-Eventz.debug.xcconfig */;
			buildSettings = {
				ASSETCATALOG_COMPILER_APPICON_NAME = AppIcon;
				CODE_SIGN_IDENTITY = "Apple Development";
				CODE_SIGN_STYLE = Automatic;
				DEVELOPMENT_TEAM = U5KYHQSZAZ;
				INFOPLIST_FILE = Eventz/Info.plist;
				LD_RUNPATH_SEARCH_PATHS = (
					"$(inherited)",
					"@executable_path/Frameworks",
				);
				PRODUCT_BUNDLE_IDENTIFIER = com.mnabokow.Eventz;
				PRODUCT_NAME = "$(TARGET_NAME)";
				SWIFT_VERSION = 5.0;
				TARGETED_DEVICE_FAMILY = "1,2";
			};
			name = Debug;
		};
		50F0D2DC2373C1F8002985DA /* Release */ = {
			isa = XCBuildConfiguration;
			baseConfigurationReference = 6830968D7F4535428791AD7E /* Pods-Eventz.release.xcconfig */;
			buildSettings = {
				ASSETCATALOG_COMPILER_APPICON_NAME = AppIcon;
				CODE_SIGN_IDENTITY = "Apple Development";
				CODE_SIGN_STYLE = Automatic;
				DEVELOPMENT_TEAM = U5KYHQSZAZ;
				INFOPLIST_FILE = Eventz/Info.plist;
				LD_RUNPATH_SEARCH_PATHS = (
					"$(inherited)",
					"@executable_path/Frameworks",
				);
				PRODUCT_BUNDLE_IDENTIFIER = com.mnabokow.Eventz;
				PRODUCT_NAME = "$(TARGET_NAME)";
				SWIFT_VERSION = 5.0;
				TARGETED_DEVICE_FAMILY = "1,2";
			};
			name = Release;
		};
/* End XCBuildConfiguration section */

/* Begin XCConfigurationList section */
		50F0D2C12373C1F5002985DA /* Build configuration list for PBXProject "Eventz" */ = {
			isa = XCConfigurationList;
			buildConfigurations = (
				50F0D2D82373C1F8002985DA /* Debug */,
				50F0D2D92373C1F8002985DA /* Release */,
			);
			defaultConfigurationIsVisible = 0;
			defaultConfigurationName = Release;
		};
		50F0D2DA2373C1F8002985DA /* Build configuration list for PBXNativeTarget "Eventz" */ = {
			isa = XCConfigurationList;
			buildConfigurations = (
				50F0D2DB2373C1F8002985DA /* Debug */,
				50F0D2DC2373C1F8002985DA /* Release */,
			);
			defaultConfigurationIsVisible = 0;
			defaultConfigurationName = Release;
		};
/* End XCConfigurationList section */
	};
	rootObject = 50F0D2BE2373C1F5002985DA /* Project object */;
}
