// !$*UTF8*$!
{
	archiveVersion = 1;
	classes = {
	};
	objectVersion = 50;
	objects = {

/* Begin PBXBuildFile section */
		50F0D2CA2373C1F5002985DA /* AppDelegate.swift in Sources */ = {isa = PBXBuildFile; fileRef = 50F0D2C92373C1F5002985DA /* AppDelegate.swift */; };
		50F0D2CC2373C1F5002985DA /* SceneDelegate.swift in Sources */ = {isa = PBXBuildFile; fileRef = 50F0D2CB2373C1F5002985DA /* SceneDelegate.swift */; };
		50F0D2CE2373C1F5002985DA /* ViewController.swift in Sources */ = {isa = PBXBuildFile; fileRef = 50F0D2CD2373C1F5002985DA /* ViewController.swift */; };
		50F0D2D12373C1F6002985DA /* Main.storyboard in Resources */ = {isa = PBXBuildFile; fileRef = 50F0D2CF2373C1F6002985DA /* Main.storyboard */; };
		50F0D2D32373C1F8002985DA /* Assets.xcassets in Resources */ = {isa = PBXBuildFile; fileRef = 50F0D2D22373C1F8002985DA /* Assets.xcassets */; };
		50F0D2D62373C1F8002985DA /* LaunchScreen.storyboard in Resources */ = {isa = PBXBuildFile; fileRef = 50F0D2D42373C1F8002985DA /* LaunchScreen.storyboard */; };
/* End PBXBuildFile section */

/* Begin PBXFileReference section */
		50F0D2C62373C1F5002985DA /* Eventz.app */ = {isa = PBXFileReference; explicitFileType = wrapper.application; includeInIndex = 0; path = Eventz.app; sourceTree = BUILT_PRODUCTS_DIR; };
		50F0D2C92373C1F5002985DA /* AppDelegate.swift */ = {isa = PBXFileReference; lastKnownFileType = sourcecode.swift; path = AppDelegate.swift; sourceTree = "<group>"; };
		50F0D2CB2373C1F5002985DA /* SceneDelegate.swift */ = {isa = PBXFileReference; lastKnownFileType = sourcecode.swift; path = SceneDelegate.swift; sourceTree = "<group>"; };
		50F0D2CD2373C1F5002985DA /* ViewController.swift */ = {isa = PBXFileReference; lastKnownFileType = sourcecode.swift; path = ViewController.swift; sourceTree = "<group>"; };
		50F0D2D02373C1F6002985DA /* Base */ = {isa = PBXFileReference; lastKnownFileType = file.storyboard; name = Base; path = Base.lproj/Main.storyboard; sourceTree = "<group>"; };
		50F0D2D22373C1F8002985DA /* Assets.xcassets */ = {isa = PBXFileReference; lastKnownFileType = folder.assetcatalog; path = Assets.xcassets; sourceTree = "<group>"; };
		50F0D2D52373C1F8002985DA /* Base */ = {isa = PBXFileReference; lastKnownFileType = file.storyboard; name = Base; path = Base.lproj/LaunchScreen.storyboard; sourceTree = "<group>"; };
		50F0D2D72373C1F8002985DA /* Info.plist */ = {isa = PBXFileReference; lastKnownFileType = text.plist.xml; path = Info.plist; sourceTree = "<group>"; };
/* End PBXFileReference section */

/* Begin PBXFrameworksBuildPhase section */
		50F0D2C32373C1F5002985DA /* Frameworks */ = {
			isa = PBXFrameworksBuildPhase;
			buildActionMask = 2147483647;
			files = (
			);
			runOnlyForDeploymentPostprocessing = 0;
		};
/* End PBXFrameworksBuildPhase section */

/* Begin PBXGroup section */
		50F0D2BD2373C1F5002985DA = {
			isa = PBXGroup;
			children = (
				50F0D2C82373C1F5002985DA /* Eventz */,
				50F0D2C72373C1F5002985DA /* Products */,
			);
			sourceTree = "<group>";
		};
		50F0D2C72373C1F5002985DA /* Products */ = {
			isa = PBXGroup;
			children = (
				50F0D2C62373C1F5002985DA /* Eventz.app */,
			);
			name = Products;
			sourceTree = "<group>";
		};
		50F0D2C82373C1F5002985DA /* Eventz */ = {
			isa = PBXGroup;
			children = (
				50F0D2C92373C1F5002985DA /* AppDelegate.swift */,
				50F0D2CB2373C1F5002985DA /* SceneDelegate.swift */,
				50F0D2CD2373C1F5002985DA /* ViewController.swift */,
				50F0D2CF2373C1F6002985DA /* Main.storyboard */,
				50F0D2D22373C1F8002985DA /* Assets.xcassets */,
				50F0D2D42373C1F8002985DA /* LaunchScreen.storyboard */,
				50F0D2D72373C1F8002985DA /* Info.plist */,
			);
			path = Eventz;
			sourceTree = "<group>";
		};
/* End PBXGroup section */

/* Begin PBXNativeTarget section */
		50F0D2C52373C1F5002985DA /* Eventz */ = {
			isa = PBXNativeTarget;
			buildConfigurationList = 50F0D2DA2373C1F8002985DA /* Build configuration list for PBXNativeTarget "Eventz" */;
			buildPhases = (
				50F0D2C22373C1F5002985DA /* Sources */,
				50F0D2C32373C1F5002985DA /* Frameworks */,
				50F0D2C42373C1F5002985DA /* Resources */,
			);
			buildRules = (
			);
			dependencies = (
			);
			name = Eventz;
			productName = Eventz;
			productReference = 50F0D2C62373C1F5002985DA /* Eventz.app */;
			productType = "com.apple.product-type.application";
		};
/* End PBXNativeTarget section */

/* Begin PBXProject section */
		50F0D2BE2373C1F5002985DA /* Project object */ = {
			isa = PBXProject;
			attributes = {
				LastSwiftUpdateCheck = 1120;
				LastUpgradeCheck = 1120;
				ORGANIZATIONNAME = "Maximilian Nabokow";
				TargetAttributes = {
					50F0D2C52373C1F5002985DA = {
						CreatedOnToolsVersion = 11.2;
					};
				};
			};
			buildConfigurationList = 50F0D2C12373C1F5002985DA /* Build configuration list for PBXProject "Eventz" */;
			compatibilityVersion = "Xcode 9.3";
			developmentRegion = en;
			hasScannedForEncodings = 0;
			knownRegions = (
				en,
				Base,
			);
			mainGroup = 50F0D2BD2373C1F5002985DA;
			productRefGroup = 50F0D2C72373C1F5002985DA /* Products */;
			projectDirPath = "";
			projectRoot = "";
			targets = (
				50F0D2C52373C1F5002985DA /* Eventz */,
			);
		};
/* End PBXProject section */

/* Begin PBXResourcesBuildPhase section */
		50F0D2C42373C1F5002985DA /* Resources */ = {
			isa = PBXResourcesBuildPhase;
			buildActionMask = 2147483647;
			files = (
				50F0D2D62373C1F8002985DA /* LaunchScreen.storyboard in Resources */,
				50F0D2D32373C1F8002985DA /* Assets.xcassets in Resources */,
				50F0D2D12373C1F6002985DA /* Main.storyboard in Resources */,
			);
			runOnlyForDeploymentPostprocessing = 0;
		};
/* End PBXResourcesBuildPhase section */

/* Begin PBXSourcesBuildPhase section */
		50F0D2C22373C1F5002985DA /* Sources */ = {
			isa = PBXSourcesBuildPhase;
			buildActionMask = 2147483647;
			files = (
				50F0D2CE2373C1F5002985DA /* ViewController.swift in Sources */,
				50F0D2CA2373C1F5002985DA /* AppDelegate.swift in Sources */,
				50F0D2CC2373C1F5002985DA /* SceneDelegate.swift in Sources */,
			);
			runOnlyForDeploymentPostprocessing = 0;
		};
/* End PBXSourcesBuildPhase section */

/* Begin PBXVariantGroup section */
		50F0D2CF2373C1F6002985DA /* Main.storyboard */ = {
			isa = PBXVariantGroup;
			children = (
				50F0D2D02373C1F6002985DA /* Base */,
			);
			name = Main.storyboard;
			sourceTree = "<group>";
		};
		50F0D2D42373C1F8002985DA /* LaunchScreen.storyboard */ = {
			isa = PBXVariantGroup;
			children = (
				50F0D2D52373C1F8002985DA /* Base */,
			);
			name = LaunchScreen.storyboard;
			sourceTree = "<group>";
		};
/* End PBXVariantGroup section */

/* Begin XCBuildConfiguration section */
		50F0D2D82373C1F8002985DA /* Debug */ = {
			isa = XCBuildConfiguration;
			buildSettings = {
				ALWAYS_SEARCH_USER_PATHS = NO;
				CLANG_ANALYZER_NONNULL = YES;
				CLANG_ANALYZER_NUMBER_OBJECT_CONVERSION = YES_AGGRESSIVE;
				CLANG_CXX_LANGUAGE_STANDARD = "gnu++14";
				CLANG_CXX_LIBRARY = "libc++";
				CLANG_ENABLE_MODULES = YES;
				CLANG_ENABLE_OBJC_ARC = YES;
				CLANG_ENABLE_OBJC_WEAK = YES;
				CLANG_WARN_BLOCK_CAPTURE_AUTORELEASING = YES;
				CLANG_WARN_BOOL_CONVERSION = YES;
				CLANG_WARN_COMMA = YES;
				CLANG_WARN_CONSTANT_CONVERSION = YES;
				CLANG_WARN_DEPRECATED_OBJC_IMPLEMENTATIONS = YES;
				CLANG_WARN_DIRECT_OBJC_ISA_USAGE = YES_ERROR;
				CLANG_WARN_DOCUMENTATION_COMMENTS = YES;
				CLANG_WARN_EMPTY_BODY = YES;
				CLANG_WARN_ENUM_CONVERSION = YES;
				CLANG_WARN_INFINITE_RECURSION = YES;
				CLANG_WARN_INT_CONVERSION = YES;
				CLANG_WARN_NON_LITERAL_NULL_CONVERSION = YES;
				CLANG_WARN_OBJC_IMPLICIT_RETAIN_SELF = YES;
				CLANG_WARN_OBJC_LITERAL_CONVERSION = YES;
				CLANG_WARN_OBJC_ROOT_CLASS = YES_ERROR;
				CLANG_WARN_RANGE_LOOP_ANALYSIS = YES;
				CLANG_WARN_STRICT_PROTOTYPES = YES;
				CLANG_WARN_SUSPICIOUS_MOVE = YES;
				CLANG_WARN_UNGUARDED_AVAILABILITY = YES_AGGRESSIVE;
				CLANG_WARN_UNREACHABLE_CODE = YES;
				CLANG_WARN__DUPLICATE_METHOD_MATCH = YES;
				COPY_PHASE_STRIP = NO;
				DEBUG_INFORMATION_FORMAT = dwarf;
				ENABLE_STRICT_OBJC_MSGSEND = YES;
				ENABLE_TESTABILITY = YES;
				GCC_C_LANGUAGE_STANDARD = gnu11;
				GCC_DYNAMIC_NO_PIC = NO;
				GCC_NO_COMMON_BLOCKS = YES;
				GCC_OPTIMIZATION_LEVEL = 0;
				GCC_PREPROCESSOR_DEFINITIONS = (
					"DEBUG=1",
					"$(inherited)",
				);
				GCC_WARN_64_TO_32_BIT_CONVERSION = YES;
				GCC_WARN_ABOUT_RETURN_TYPE = YES_ERROR;
				GCC_WARN_UNDECLARED_SELECTOR = YES;
				GCC_WARN_UNINITIALIZED_AUTOS = YES_AGGRESSIVE;
				GCC_WARN_UNUSED_FUNCTION = YES;
				GCC_WARN_UNUSED_VARIABLE = YES;
				IPHONEOS_DEPLOYMENT_TARGET = 13.2;
				MTL_ENABLE_DEBUG_INFO = INCLUDE_SOURCE;
				MTL_FAST_MATH = YES;
				ONLY_ACTIVE_ARCH = YES;
				SDKROOT = iphoneos;
				SWIFT_ACTIVE_COMPILATION_CONDITIONS = DEBUG;
				SWIFT_OPTIMIZATION_LEVEL = "-Onone";
			};
			name = Debug;
		};
		50F0D2D92373C1F8002985DA /* Release */ = {
			isa = XCBuildConfiguration;
			buildSettings = {
				ALWAYS_SEARCH_USER_PATHS = NO;
				CLANG_ANALYZER_NONNULL = YES;
				CLANG_ANALYZER_NUMBER_OBJECT_CONVERSION = YES_AGGRESSIVE;
				CLANG_CXX_LANGUAGE_STANDARD = "gnu++14";
				CLANG_CXX_LIBRARY = "libc++";
				CLANG_ENABLE_MODULES = YES;
				CLANG_ENABLE_OBJC_ARC = YES;
				CLANG_ENABLE_OBJC_WEAK = YES;
				CLANG_WARN_BLOCK_CAPTURE_AUTORELEASING = YES;
				CLANG_WARN_BOOL_CONVERSION = YES;
				CLANG_WARN_COMMA = YES;
				CLANG_WARN_CONSTANT_CONVERSION = YES;
				CLANG_WARN_DEPRECATED_OBJC_IMPLEMENTATIONS = YES;
				CLANG_WARN_DIRECT_OBJC_ISA_USAGE = YES_ERROR;
				CLANG_WARN_DOCUMENTATION_COMMENTS = YES;
				CLANG_WARN_EMPTY_BODY = YES;
				CLANG_WARN_ENUM_CONVERSION = YES;
				CLANG_WARN_INFINITE_RECURSION = YES;
				CLANG_WARN_INT_CONVERSION = YES;
				CLANG_WARN_NON_LITERAL_NULL_CONVERSION = YES;
				CLANG_WARN_OBJC_IMPLICIT_RETAIN_SELF = YES;
				CLANG_WARN_OBJC_LITERAL_CONVERSION = YES;
				CLANG_WARN_OBJC_ROOT_CLASS = YES_ERROR;
				CLANG_WARN_RANGE_LOOP_ANALYSIS = YES;
				CLANG_WARN_STRICT_PROTOTYPES = YES;
				CLANG_WARN_SUSPICIOUS_MOVE = YES;
				CLANG_WARN_UNGUARDED_AVAILABILITY = YES_AGGRESSIVE;
				CLANG_WARN_UNREACHABLE_CODE = YES;
				CLANG_WARN__DUPLICATE_METHOD_MATCH = YES;
				COPY_PHASE_STRIP = NO;
				DEBUG_INFORMATION_FORMAT = "dwarf-with-dsym";
				ENABLE_NS_ASSERTIONS = NO;
				ENABLE_STRICT_OBJC_MSGSEND = YES;
				GCC_C_LANGUAGE_STANDARD = gnu11;
				GCC_NO_COMMON_BLOCKS = YES;
				GCC_WARN_64_TO_32_BIT_CONVERSION = YES;
				GCC_WARN_ABOUT_RETURN_TYPE = YES_ERROR;
				GCC_WARN_UNDECLARED_SELECTOR = YES;
				GCC_WARN_UNINITIALIZED_AUTOS = YES_AGGRESSIVE;
				GCC_WARN_UNUSED_FUNCTION = YES;
				GCC_WARN_UNUSED_VARIABLE = YES;
				IPHONEOS_DEPLOYMENT_TARGET = 13.2;
				MTL_ENABLE_DEBUG_INFO = NO;
				MTL_FAST_MATH = YES;
				SDKROOT = iphoneos;
				SWIFT_COMPILATION_MODE = wholemodule;
				SWIFT_OPTIMIZATION_LEVEL = "-O";
				VALIDATE_PRODUCT = YES;
			};
			name = Release;
		};
		50F0D2DB2373C1F8002985DA /* Debug */ = {
			isa = XCBuildConfiguration;
			buildSettings = {
				ASSETCATALOG_COMPILER_APPICON_NAME = AppIcon;
				CODE_SIGN_STYLE = Automatic;
				DEVELOPMENT_TEAM = U5KYHQSZAZ;
				INFOPLIST_FILE = Eventz/Info.plist;
				LD_RUNPATH_SEARCH_PATHS = (
					"$(inherited)",
					"@executable_path/Frameworks",
				);
				PRODUCT_BUNDLE_IDENTIFIER = com.mnabokow.Eventz;
				PRODUCT_NAME = "$(TARGET_NAME)";
				SWIFT_VERSION = 5.0;
				TARGETED_DEVICE_FAMILY = "1,2";
			};
			name = Debug;
		};
		50F0D2DC2373C1F8002985DA /* Release */ = {
			isa = XCBuildConfiguration;
			buildSettings = {
				ASSETCATALOG_COMPILER_APPICON_NAME = AppIcon;
				CODE_SIGN_STYLE = Automatic;
				DEVELOPMENT_TEAM = U5KYHQSZAZ;
				INFOPLIST_FILE = Eventz/Info.plist;
				LD_RUNPATH_SEARCH_PATHS = (
					"$(inherited)",
					"@executable_path/Frameworks",
				);
				PRODUCT_BUNDLE_IDENTIFIER = com.mnabokow.Eventz;
				PRODUCT_NAME = "$(TARGET_NAME)";
				SWIFT_VERSION = 5.0;
				TARGETED_DEVICE_FAMILY = "1,2";
			};
			name = Release;
		};
/* End XCBuildConfiguration section */

/* Begin XCConfigurationList section */
		50F0D2C12373C1F5002985DA /* Build configuration list for PBXProject "Eventz" */ = {
			isa = XCConfigurationList;
			buildConfigurations = (
				50F0D2D82373C1F8002985DA /* Debug */,
				50F0D2D92373C1F8002985DA /* Release */,
			);
			defaultConfigurationIsVisible = 0;
			defaultConfigurationName = Release;
		};
		50F0D2DA2373C1F8002985DA /* Build configuration list for PBXNativeTarget "Eventz" */ = {
			isa = XCConfigurationList;
			buildConfigurations = (
				50F0D2DB2373C1F8002985DA /* Debug */,
				50F0D2DC2373C1F8002985DA /* Release */,
			);
			defaultConfigurationIsVisible = 0;
			defaultConfigurationName = Release;
		};
/* End XCConfigurationList section */
	};
	rootObject = 50F0D2BE2373C1F5002985DA /* Project object */;
}
